// !$*UTF8*$!
{
	archiveVersion = 1;
	classes = {
	};
	objectVersion = 55;
	objects = {

/* Begin PBXBuildFile section */
		55378B932874B87B005AD0F8 /* Screenshot03.png in Resources */ = {isa = PBXBuildFile; fileRef = 55378B8D2874B87B005AD0F8 /* Screenshot03.png */; };
		55378B942874B87B005AD0F8 /* Screenshot04.png in Resources */ = {isa = PBXBuildFile; fileRef = 55378B8E2874B87B005AD0F8 /* Screenshot04.png */; };
		55378B952874B87B005AD0F8 /* Screenshot05.png in Resources */ = {isa = PBXBuildFile; fileRef = 55378B8F2874B87B005AD0F8 /* Screenshot05.png */; };
		55378B962874B87B005AD0F8 /* Screenshot01.png in Resources */ = {isa = PBXBuildFile; fileRef = 55378B902874B87B005AD0F8 /* Screenshot01.png */; };
		55378B972874B87B005AD0F8 /* Screenshot02.png in Resources */ = {isa = PBXBuildFile; fileRef = 55378B912874B87B005AD0F8 /* Screenshot02.png */; };
		55378B9C2874B92C005AD0F8 /* Screenshot06.png in Resources */ = {isa = PBXBuildFile; fileRef = 55378B9B2874B92C005AD0F8 /* Screenshot06.png */; };
		5582CED028745DE000F8B445 /* GuestsTableViewController.swift in Sources */ = {isa = PBXBuildFile; fileRef = 5582CECF28745DE000F8B445 /* GuestsTableViewController.swift */; };
		5582CED328745FD700F8B445 /* GuestCellManager.swift in Sources */ = {isa = PBXBuildFile; fileRef = 5582CED228745FD700F8B445 /* GuestCellManager.swift */; };
		5582CED52874605E00F8B445 /* Guest.swift in Sources */ = {isa = PBXBuildFile; fileRef = 5582CED42874605E00F8B445 /* Guest.swift */; };
		5582CED92874614500F8B445 /* GuestCell.swift in Sources */ = {isa = PBXBuildFile; fileRef = 5582CED82874614500F8B445 /* GuestCell.swift */; };
		558314672874074700DCCA9E /* AppDelegate.swift in Sources */ = {isa = PBXBuildFile; fileRef = 558314662874074700DCCA9E /* AppDelegate.swift */; };
		558314692874074700DCCA9E /* SceneDelegate.swift in Sources */ = {isa = PBXBuildFile; fileRef = 558314682874074700DCCA9E /* SceneDelegate.swift */; };
		5583146E2874074700DCCA9E /* Main.storyboard in Resources */ = {isa = PBXBuildFile; fileRef = 5583146C2874074700DCCA9E /* Main.storyboard */; };
		558314702874074800DCCA9E /* Assets.xcassets in Resources */ = {isa = PBXBuildFile; fileRef = 5583146F2874074800DCCA9E /* Assets.xcassets */; };
		558314732874074800DCCA9E /* LaunchScreen.storyboard in Resources */ = {isa = PBXBuildFile; fileRef = 558314712874074800DCCA9E /* LaunchScreen.storyboard */; };
		5583147E28740A4600DCCA9E /* RoomType.swift in Sources */ = {isa = PBXBuildFile; fileRef = 5583147D28740A4600DCCA9E /* RoomType.swift */; };
		5583148328740C8300DCCA9E /* AddRegistrationTableViewController.swift in Sources */ = {isa = PBXBuildFile; fileRef = 5583148228740C8300DCCA9E /* AddRegistrationTableViewController.swift */; };
		5584D21728742BD300133D6F /* SelectRoomTypeTableViewController.swift in Sources */ = {isa = PBXBuildFile; fileRef = 5584D21628742BD300133D6F /* SelectRoomTypeTableViewController.swift */; };
		5584D21A28742FB800133D6F /* SelectRoomTypeTableViewControllerProtocol.swift in Sources */ = {isa = PBXBuildFile; fileRef = 5584D21928742FB800133D6F /* SelectRoomTypeTableViewControllerProtocol.swift */; };
		55FBD354287489230021115F /* DataManager.swift in Sources */ = {isa = PBXBuildFile; fileRef = 55FBD353287489230021115F /* DataManager.swift */; };
/* End PBXBuildFile section */

/* Begin PBXFileReference section */
		55378B8D2874B87B005AD0F8 /* Screenshot03.png */ = {isa = PBXFileReference; lastKnownFileType = image.png; path = Screenshot03.png; sourceTree = "<group>"; };
		55378B8E2874B87B005AD0F8 /* Screenshot04.png */ = {isa = PBXFileReference; lastKnownFileType = image.png; path = Screenshot04.png; sourceTree = "<group>"; };
		55378B8F2874B87B005AD0F8 /* Screenshot05.png */ = {isa = PBXFileReference; lastKnownFileType = image.png; path = Screenshot05.png; sourceTree = "<group>"; };
		55378B902874B87B005AD0F8 /* Screenshot01.png */ = {isa = PBXFileReference; lastKnownFileType = image.png; path = Screenshot01.png; sourceTree = "<group>"; };
		55378B912874B87B005AD0F8 /* Screenshot02.png */ = {isa = PBXFileReference; lastKnownFileType = image.png; path = Screenshot02.png; sourceTree = "<group>"; };
		55378B9B2874B92C005AD0F8 /* Screenshot06.png */ = {isa = PBXFileReference; lastKnownFileType = image.png; path = Screenshot06.png; sourceTree = "<group>"; };
		5582CECF28745DE000F8B445 /* GuestsTableViewController.swift */ = {isa = PBXFileReference; lastKnownFileType = sourcecode.swift; path = GuestsTableViewController.swift; sourceTree = "<group>"; };
		5582CED228745FD700F8B445 /* GuestCellManager.swift */ = {isa = PBXFileReference; lastKnownFileType = sourcecode.swift; path = GuestCellManager.swift; sourceTree = "<group>"; };
		5582CED42874605E00F8B445 /* Guest.swift */ = {isa = PBXFileReference; lastKnownFileType = sourcecode.swift; path = Guest.swift; sourceTree = "<group>"; };
		5582CED82874614500F8B445 /* GuestCell.swift */ = {isa = PBXFileReference; lastKnownFileType = sourcecode.swift; path = GuestCell.swift; sourceTree = "<group>"; };
		558314632874074700DCCA9E /* Hotel Manzana.app */ = {isa = PBXFileReference; explicitFileType = wrapper.application; includeInIndex = 0; path = "Hotel Manzana.app"; sourceTree = BUILT_PRODUCTS_DIR; };
		558314662874074700DCCA9E /* AppDelegate.swift */ = {isa = PBXFileReference; lastKnownFileType = sourcecode.swift; path = AppDelegate.swift; sourceTree = "<group>"; };
		558314682874074700DCCA9E /* SceneDelegate.swift */ = {isa = PBXFileReference; lastKnownFileType = sourcecode.swift; path = SceneDelegate.swift; sourceTree = "<group>"; };
		5583146D2874074700DCCA9E /* Base */ = {isa = PBXFileReference; lastKnownFileType = file.storyboard; name = Base; path = Base.lproj/Main.storyboard; sourceTree = "<group>"; };
		5583146F2874074800DCCA9E /* Assets.xcassets */ = {isa = PBXFileReference; lastKnownFileType = folder.assetcatalog; path = Assets.xcassets; sourceTree = "<group>"; };
		558314722874074800DCCA9E /* Base */ = {isa = PBXFileReference; lastKnownFileType = file.storyboard; name = Base; path = Base.lproj/LaunchScreen.storyboard; sourceTree = "<group>"; };
		558314742874074800DCCA9E /* Info.plist */ = {isa = PBXFileReference; lastKnownFileType = text.plist.xml; path = Info.plist; sourceTree = "<group>"; };
		5583147D28740A4600DCCA9E /* RoomType.swift */ = {isa = PBXFileReference; lastKnownFileType = sourcecode.swift; path = RoomType.swift; sourceTree = "<group>"; };
		5583148228740C8300DCCA9E /* AddRegistrationTableViewController.swift */ = {isa = PBXFileReference; lastKnownFileType = sourcecode.swift; path = AddRegistrationTableViewController.swift; sourceTree = "<group>"; };
		5584D21628742BD300133D6F /* SelectRoomTypeTableViewController.swift */ = {isa = PBXFileReference; lastKnownFileType = sourcecode.swift; path = SelectRoomTypeTableViewController.swift; sourceTree = "<group>"; };
		5584D21928742FB800133D6F /* SelectRoomTypeTableViewControllerProtocol.swift */ = {isa = PBXFileReference; lastKnownFileType = sourcecode.swift; path = SelectRoomTypeTableViewControllerProtocol.swift; sourceTree = "<group>"; };
		55FBD353287489230021115F /* DataManager.swift */ = {isa = PBXFileReference; lastKnownFileType = sourcecode.swift; path = DataManager.swift; sourceTree = "<group>"; };
/* End PBXFileReference section */

/* Begin PBXFrameworksBuildPhase section */
		558314602874074700DCCA9E /* Frameworks */ = {
			isa = PBXFrameworksBuildPhase;
			buildActionMask = 2147483647;
			files = (
			);
			runOnlyForDeploymentPostprocessing = 0;
		};
/* End PBXFrameworksBuildPhase section */

/* Begin PBXGroup section */
		55378B8C2874B87B005AD0F8 /* Screenshots */ = {
			isa = PBXGroup;
			children = (
				55378B902874B87B005AD0F8 /* Screenshot01.png */,
				55378B912874B87B005AD0F8 /* Screenshot02.png */,
				55378B8D2874B87B005AD0F8 /* Screenshot03.png */,
				55378B8E2874B87B005AD0F8 /* Screenshot04.png */,
				55378B8F2874B87B005AD0F8 /* Screenshot05.png */,
				55378B9B2874B92C005AD0F8 /* Screenshot06.png */,
			);
			path = Screenshots;
			sourceTree = "<group>";
		};
		5582CED128745FBD00F8B445 /* Manager */ = {
			isa = PBXGroup;
			children = (
				5582CED228745FD700F8B445 /* GuestCellManager.swift */,
				55FBD353287489230021115F /* DataManager.swift */,
			);
			path = Manager;
			sourceTree = "<group>";
		};
		5582CED62874610000F8B445 /* Views */ = {
			isa = PBXGroup;
			children = (
				5582CED72874611800F8B445 /* Cells */,
				5583148028740C0100DCCA9E /* Storyboards */,
			);
			path = Views;
			sourceTree = "<group>";
		};
		5582CED72874611800F8B445 /* Cells */ = {
			isa = PBXGroup;
			children = (
				5582CED82874614500F8B445 /* GuestCell.swift */,
			);
			path = Cells;
			sourceTree = "<group>";
		};
		5583145A2874074700DCCA9E = {
			isa = PBXGroup;
			children = (
				558314652874074700DCCA9E /* Hotel Manzana */,
				558314642874074700DCCA9E /* Products */,
			);
			sourceTree = "<group>";
		};
		558314642874074700DCCA9E /* Products */ = {
			isa = PBXGroup;
			children = (
				558314632874074700DCCA9E /* Hotel Manzana.app */,
			);
			name = Products;
			sourceTree = "<group>";
		};
		558314652874074700DCCA9E /* Hotel Manzana */ = {
			isa = PBXGroup;
			children = (
				55378B8C2874B87B005AD0F8 /* Screenshots */,
				5583148128740C2F00DCCA9E /* App */,
				5582CED128745FBD00F8B445 /* Manager */,
				5583147A2874082C00DCCA9E /* Models */,
				5584D21828742F8300133D6F /* Protocols */,
				5583147F28740BF100DCCA9E /* View Controllers */,
				5582CED62874610000F8B445 /* Views */,
			);
			path = "Hotel Manzana";
			sourceTree = "<group>";
		};
		5583147A2874082C00DCCA9E /* Models */ = {
			isa = PBXGroup;
			children = (
				5583147D28740A4600DCCA9E /* RoomType.swift */,
				5582CED42874605E00F8B445 /* Guest.swift */,
			);
			path = Models;
			sourceTree = "<group>";
		};
		5583147F28740BF100DCCA9E /* View Controllers */ = {
			isa = PBXGroup;
			children = (
				5582CECF28745DE000F8B445 /* GuestsTableViewController.swift */,
				5583148228740C8300DCCA9E /* AddRegistrationTableViewController.swift */,
				5584D21628742BD300133D6F /* SelectRoomTypeTableViewController.swift */,
			);
			path = "View Controllers";
			sourceTree = "<group>";
		};
		5583148028740C0100DCCA9E /* Storyboards */ = {
			isa = PBXGroup;
			children = (
				5583146C2874074700DCCA9E /* Main.storyboard */,
				558314712874074800DCCA9E /* LaunchScreen.storyboard */,
			);
			path = Storyboards;
			sourceTree = "<group>";
		};
		5583148128740C2F00DCCA9E /* App */ = {
			isa = PBXGroup;
			children = (
				558314662874074700DCCA9E /* AppDelegate.swift */,
				5583146F2874074800DCCA9E /* Assets.xcassets */,
				558314742874074800DCCA9E /* Info.plist */,
				558314682874074700DCCA9E /* SceneDelegate.swift */,
			);
			path = App;
			sourceTree = "<group>";
		};
		5584D21828742F8300133D6F /* Protocols */ = {
			isa = PBXGroup;
			children = (
				5584D21928742FB800133D6F /* SelectRoomTypeTableViewControllerProtocol.swift */,
			);
			path = Protocols;
			sourceTree = "<group>";
		};
/* End PBXGroup section */

/* Begin PBXNativeTarget section */
		558314622874074700DCCA9E /* Hotel Manzana */ = {
			isa = PBXNativeTarget;
			buildConfigurationList = 558314772874074800DCCA9E /* Build configuration list for PBXNativeTarget "Hotel Manzana" */;
			buildPhases = (
				5583145F2874074700DCCA9E /* Sources */,
				558314602874074700DCCA9E /* Frameworks */,
				558314612874074700DCCA9E /* Resources */,
			);
			buildRules = (
			);
			dependencies = (
			);
			name = "Hotel Manzana";
			productName = "Hotel Manzana";
			productReference = 558314632874074700DCCA9E /* Hotel Manzana.app */;
			productType = "com.apple.product-type.application";
		};
/* End PBXNativeTarget section */

/* Begin PBXProject section */
		5583145B2874074700DCCA9E /* Project object */ = {
			isa = PBXProject;
			attributes = {
				BuildIndependentTargetsInParallel = 1;
				LastSwiftUpdateCheck = 1330;
				LastUpgradeCheck = 1330;
				TargetAttributes = {
					558314622874074700DCCA9E = {
						CreatedOnToolsVersion = 13.3.1;
					};
				};
			};
			buildConfigurationList = 5583145E2874074700DCCA9E /* Build configuration list for PBXProject "Hotel Manzana" */;
			compatibilityVersion = "Xcode 13.0";
			developmentRegion = en;
			hasScannedForEncodings = 0;
			knownRegions = (
				en,
				Base,
			);
			mainGroup = 5583145A2874074700DCCA9E;
			productRefGroup = 558314642874074700DCCA9E /* Products */;
			projectDirPath = "";
			projectRoot = "";
			targets = (
				558314622874074700DCCA9E /* Hotel Manzana */,
			);
		};
/* End PBXProject section */

/* Begin PBXResourcesBuildPhase section */
		558314612874074700DCCA9E /* Resources */ = {
			isa = PBXResourcesBuildPhase;
			buildActionMask = 2147483647;
			files = (
				558314732874074800DCCA9E /* LaunchScreen.storyboard in Resources */,
				55378B932874B87B005AD0F8 /* Screenshot03.png in Resources */,
				55378B9C2874B92C005AD0F8 /* Screenshot06.png in Resources */,
				558314702874074800DCCA9E /* Assets.xcassets in Resources */,
				55378B942874B87B005AD0F8 /* Screenshot04.png in Resources */,
				55378B972874B87B005AD0F8 /* Screenshot02.png in Resources */,
				55378B962874B87B005AD0F8 /* Screenshot01.png in Resources */,
				5583146E2874074700DCCA9E /* Main.storyboard in Resources */,
				55378B952874B87B005AD0F8 /* Screenshot05.png in Resources */,
			);
			runOnlyForDeploymentPostprocessing = 0;
		};
/* End PBXResourcesBuildPhase section */

/* Begin PBXSourcesBuildPhase section */
		5583145F2874074700DCCA9E /* Sources */ = {
			isa = PBXSourcesBuildPhase;
			buildActionMask = 2147483647;
			files = (
				5582CED52874605E00F8B445 /* Guest.swift in Sources */,
				5584D21728742BD300133D6F /* SelectRoomTypeTableViewController.swift in Sources */,
				5582CED92874614500F8B445 /* GuestCell.swift in Sources */,
				5584D21A28742FB800133D6F /* SelectRoomTypeTableViewControllerProtocol.swift in Sources */,
				5583147E28740A4600DCCA9E /* RoomType.swift in Sources */,
				5583148328740C8300DCCA9E /* AddRegistrationTableViewController.swift in Sources */,
				5582CED328745FD700F8B445 /* GuestCellManager.swift in Sources */,
				5582CED028745DE000F8B445 /* GuestsTableViewController.swift in Sources */,
				55FBD354287489230021115F /* DataManager.swift in Sources */,
				558314672874074700DCCA9E /* AppDelegate.swift in Sources */,
				558314692874074700DCCA9E /* SceneDelegate.swift in Sources */,
			);
			runOnlyForDeploymentPostprocessing = 0;
		};
/* End PBXSourcesBuildPhase section */

/* Begin PBXVariantGroup section */
		5583146C2874074700DCCA9E /* Main.storyboard */ = {
			isa = PBXVariantGroup;
			children = (
				5583146D2874074700DCCA9E /* Base */,
			);
			name = Main.storyboard;
			sourceTree = "<group>";
		};
		558314712874074800DCCA9E /* LaunchScreen.storyboard */ = {
			isa = PBXVariantGroup;
			children = (
				558314722874074800DCCA9E /* Base */,
			);
			name = LaunchScreen.storyboard;
			sourceTree = "<group>";
		};
/* End PBXVariantGroup section */

/* Begin XCBuildConfiguration section */
		558314752874074800DCCA9E /* Debug */ = {
			isa = XCBuildConfiguration;
			buildSettings = {
				ALWAYS_SEARCH_USER_PATHS = NO;
				CLANG_ANALYZER_NONNULL = YES;
				CLANG_ANALYZER_NUMBER_OBJECT_CONVERSION = YES_AGGRESSIVE;
				CLANG_CXX_LANGUAGE_STANDARD = "gnu++17";
				CLANG_ENABLE_MODULES = YES;
				CLANG_ENABLE_OBJC_ARC = YES;
				CLANG_ENABLE_OBJC_WEAK = YES;
				CLANG_WARN_BLOCK_CAPTURE_AUTORELEASING = YES;
				CLANG_WARN_BOOL_CONVERSION = YES;
				CLANG_WARN_COMMA = YES;
				CLANG_WARN_CONSTANT_CONVERSION = YES;
				CLANG_WARN_DEPRECATED_OBJC_IMPLEMENTATIONS = YES;
				CLANG_WARN_DIRECT_OBJC_ISA_USAGE = YES_ERROR;
				CLANG_WARN_DOCUMENTATION_COMMENTS = YES;
				CLANG_WARN_EMPTY_BODY = YES;
				CLANG_WARN_ENUM_CONVERSION = YES;
				CLANG_WARN_INFINITE_RECURSION = YES;
				CLANG_WARN_INT_CONVERSION = YES;
				CLANG_WARN_NON_LITERAL_NULL_CONVERSION = YES;
				CLANG_WARN_OBJC_IMPLICIT_RETAIN_SELF = YES;
				CLANG_WARN_OBJC_LITERAL_CONVERSION = YES;
				CLANG_WARN_OBJC_ROOT_CLASS = YES_ERROR;
				CLANG_WARN_QUOTED_INCLUDE_IN_FRAMEWORK_HEADER = YES;
				CLANG_WARN_RANGE_LOOP_ANALYSIS = YES;
				CLANG_WARN_STRICT_PROTOTYPES = YES;
				CLANG_WARN_SUSPICIOUS_MOVE = YES;
				CLANG_WARN_UNGUARDED_AVAILABILITY = YES_AGGRESSIVE;
				CLANG_WARN_UNREACHABLE_CODE = YES;
				CLANG_WARN__DUPLICATE_METHOD_MATCH = YES;
				COPY_PHASE_STRIP = NO;
				DEBUG_INFORMATION_FORMAT = dwarf;
				ENABLE_STRICT_OBJC_MSGSEND = YES;
				ENABLE_TESTABILITY = YES;
				GCC_C_LANGUAGE_STANDARD = gnu11;
				GCC_DYNAMIC_NO_PIC = NO;
				GCC_NO_COMMON_BLOCKS = YES;
				GCC_OPTIMIZATION_LEVEL = 0;
				GCC_PREPROCESSOR_DEFINITIONS = (
					"DEBUG=1",
					"$(inherited)",
				);
				GCC_WARN_64_TO_32_BIT_CONVERSION = YES;
				GCC_WARN_ABOUT_RETURN_TYPE = YES_ERROR;
				GCC_WARN_UNDECLARED_SELECTOR = YES;
				GCC_WARN_UNINITIALIZED_AUTOS = YES_AGGRESSIVE;
				GCC_WARN_UNUSED_FUNCTION = YES;
				GCC_WARN_UNUSED_VARIABLE = YES;
				IPHONEOS_DEPLOYMENT_TARGET = 15.4;
				MTL_ENABLE_DEBUG_INFO = INCLUDE_SOURCE;
				MTL_FAST_MATH = YES;
				ONLY_ACTIVE_ARCH = YES;
				SDKROOT = iphoneos;
				SWIFT_ACTIVE_COMPILATION_CONDITIONS = DEBUG;
				SWIFT_OPTIMIZATION_LEVEL = "-Onone";
			};
			name = Debug;
		};
		558314762874074800DCCA9E /* Release */ = {
			isa = XCBuildConfiguration;
			buildSettings = {
				ALWAYS_SEARCH_USER_PATHS = NO;
				CLANG_ANALYZER_NONNULL = YES;
				CLANG_ANALYZER_NUMBER_OBJECT_CONVERSION = YES_AGGRESSIVE;
				CLANG_CXX_LANGUAGE_STANDARD = "gnu++17";
				CLANG_ENABLE_MODULES = YES;
				CLANG_ENABLE_OBJC_ARC = YES;
				CLANG_ENABLE_OBJC_WEAK = YES;
				CLANG_WARN_BLOCK_CAPTURE_AUTORELEASING = YES;
				CLANG_WARN_BOOL_CONVERSION = YES;
				CLANG_WARN_COMMA = YES;
				CLANG_WARN_CONSTANT_CONVERSION = YES;
				CLANG_WARN_DEPRECATED_OBJC_IMPLEMENTATIONS = YES;
				CLANG_WARN_DIRECT_OBJC_ISA_USAGE = YES_ERROR;
				CLANG_WARN_DOCUMENTATION_COMMENTS = YES;
				CLANG_WARN_EMPTY_BODY = YES;
				CLANG_WARN_ENUM_CONVERSION = YES;
				CLANG_WARN_INFINITE_RECURSION = YES;
				CLANG_WARN_INT_CONVERSION = YES;
				CLANG_WARN_NON_LITERAL_NULL_CONVERSION = YES;
				CLANG_WARN_OBJC_IMPLICIT_RETAIN_SELF = YES;
				CLANG_WARN_OBJC_LITERAL_CONVERSION = YES;
				CLANG_WARN_OBJC_ROOT_CLASS = YES_ERROR;
				CLANG_WARN_QUOTED_INCLUDE_IN_FRAMEWORK_HEADER = YES;
				CLANG_WARN_RANGE_LOOP_ANALYSIS = YES;
				CLANG_WARN_STRICT_PROTOTYPES = YES;
				CLANG_WARN_SUSPICIOUS_MOVE = YES;
				CLANG_WARN_UNGUARDED_AVAILABILITY = YES_AGGRESSIVE;
				CLANG_WARN_UNREACHABLE_CODE = YES;
				CLANG_WARN__DUPLICATE_METHOD_MATCH = YES;
				COPY_PHASE_STRIP = NO;
				DEBUG_INFORMATION_FORMAT = "dwarf-with-dsym";
				ENABLE_NS_ASSERTIONS = NO;
				ENABLE_STRICT_OBJC_MSGSEND = YES;
				GCC_C_LANGUAGE_STANDARD = gnu11;
				GCC_NO_COMMON_BLOCKS = YES;
				GCC_WARN_64_TO_32_BIT_CONVERSION = YES;
				GCC_WARN_ABOUT_RETURN_TYPE = YES_ERROR;
				GCC_WARN_UNDECLARED_SELECTOR = YES;
				GCC_WARN_UNINITIALIZED_AUTOS = YES_AGGRESSIVE;
				GCC_WARN_UNUSED_FUNCTION = YES;
				GCC_WARN_UNUSED_VARIABLE = YES;
				IPHONEOS_DEPLOYMENT_TARGET = 15.4;
				MTL_ENABLE_DEBUG_INFO = NO;
				MTL_FAST_MATH = YES;
				SDKROOT = iphoneos;
				SWIFT_COMPILATION_MODE = wholemodule;
				SWIFT_OPTIMIZATION_LEVEL = "-O";
				VALIDATE_PRODUCT = YES;
			};
			name = Release;
		};
		558314782874074800DCCA9E /* Debug */ = {
			isa = XCBuildConfiguration;
			buildSettings = {
				ASSETCATALOG_COMPILER_APPICON_NAME = AppIcon;
				ASSETCATALOG_COMPILER_GLOBAL_ACCENT_COLOR_NAME = AccentColor;
				CODE_SIGN_STYLE = Automatic;
				CURRENT_PROJECT_VERSION = 1;
				DEVELOPMENT_TEAM = 2ZAR2UCDS8;
				GENERATE_INFOPLIST_FILE = YES;
				INFOPLIST_FILE = "Hotel Manzana/App/Info.plist";
				INFOPLIST_KEY_UIApplicationSupportsIndirectInputEvents = YES;
				INFOPLIST_KEY_UILaunchStoryboardName = LaunchScreen;
				INFOPLIST_KEY_UIMainStoryboardFile = Main;
				INFOPLIST_KEY_UISupportedInterfaceOrientations_iPad = "UIInterfaceOrientationPortrait UIInterfaceOrientationPortraitUpsideDown UIInterfaceOrientationLandscapeLeft UIInterfaceOrientationLandscapeRight";
				INFOPLIST_KEY_UISupportedInterfaceOrientations_iPhone = "UIInterfaceOrientationPortrait UIInterfaceOrientationLandscapeLeft UIInterfaceOrientationLandscapeRight";
				LD_RUNPATH_SEARCH_PATHS = (
					"$(inherited)",
					"@executable_path/Frameworks",
				);
				MARKETING_VERSION = 1.0;
				PRODUCT_BUNDLE_IDENTIFIER = "ru.komplayer31.Hotel-Manzana";
				PRODUCT_NAME = "$(TARGET_NAME)";
				SWIFT_EMIT_LOC_STRINGS = YES;
				SWIFT_VERSION = 5.0;
				TARGETED_DEVICE_FAMILY = "1,2";
			};
			name = Debug;
		};
		558314792874074800DCCA9E /* Release */ = {
			isa = XCBuildConfiguration;
			buildSettings = {
				ASSETCATALOG_COMPILER_APPICON_NAME = AppIcon;
				ASSETCATALOG_COMPILER_GLOBAL_ACCENT_COLOR_NAME = AccentColor;
				CODE_SIGN_STYLE = Automatic;
				CURRENT_PROJECT_VERSION = 1;
				DEVELOPMENT_TEAM = 2ZAR2UCDS8;
				GENERATE_INFOPLIST_FILE = YES;
				INFOPLIST_FILE = "Hotel Manzana/App/Info.plist";
				INFOPLIST_KEY_UIApplicationSupportsIndirectInputEvents = YES;
				INFOPLIST_KEY_UILaunchStoryboardName = LaunchScreen;
				INFOPLIST_KEY_UIMainStoryboardFile = Main;
				INFOPLIST_KEY_UISupportedInterfaceOrientations_iPad = "UIInterfaceOrientationPortrait UIInterfaceOrientationPortraitUpsideDown UIInterfaceOrientationLandscapeLeft UIInterfaceOrientationLandscapeRight";
				INFOPLIST_KEY_UISupportedInterfaceOrientations_iPhone = "UIInterfaceOrientationPortrait UIInterfaceOrientationLandscapeLeft UIInterfaceOrientationLandscapeRight";
				LD_RUNPATH_SEARCH_PATHS = (
					"$(inherited)",
					"@executable_path/Frameworks",
				);
				MARKETING_VERSION = 1.0;
				PRODUCT_BUNDLE_IDENTIFIER = "ru.komplayer31.Hotel-Manzana";
				PRODUCT_NAME = "$(TARGET_NAME)";
				SWIFT_EMIT_LOC_STRINGS = YES;
				SWIFT_VERSION = 5.0;
				TARGETED_DEVICE_FAMILY = "1,2";
			};
			name = Release;
		};
/* End XCBuildConfiguration section */

/* Begin XCConfigurationList section */
		5583145E2874074700DCCA9E /* Build configuration list for PBXProject "Hotel Manzana" */ = {
			isa = XCConfigurationList;
			buildConfigurations = (
				558314752874074800DCCA9E /* Debug */,
				558314762874074800DCCA9E /* Release */,
			);
			defaultConfigurationIsVisible = 0;
			defaultConfigurationName = Release;
		};
		558314772874074800DCCA9E /* Build configuration list for PBXNativeTarget "Hotel Manzana" */ = {
			isa = XCConfigurationList;
			buildConfigurations = (
				558314782874074800DCCA9E /* Debug */,
				558314792874074800DCCA9E /* Release */,
			);
			defaultConfigurationIsVisible = 0;
			defaultConfigurationName = Release;
		};
/* End XCConfigurationList section */
	};
	rootObject = 5583145B2874074700DCCA9E /* Project object */;
}
